{
  "nodes": {
    "flake-utils": {
      "inputs": {
        "systems": "systems"
      },
      "locked": {
        "lastModified": 1731533236,
        "narHash": "sha256-l0KFg5HjrsfsO/JpG+r7fRrqm12kzFHyUHqHCVpMMbI=",
        "owner": "numtide",
        "repo": "flake-utils",
        "rev": "11707dc2f618dd54ca8739b309ec4fc024de578b",
        "type": "github"
      },
      "original": {
        "owner": "numtide",
        "repo": "flake-utils",
        "type": "github"
      }
    },
    "gomod2nix": {
      "inputs": {
        "flake-utils": [
          "p2prc",
          "flake-utils"
        ],
        "nixpkgs": [
          "p2prc",
          "nixpkgs"
        ]
      },
      "locked": {
        "lastModified": 1733668782,
        "narHash": "sha256-tPsqU00FhgdFr0JiQUiBMgPVbl1jbPCY5gbFiJycL3I=",
        "owner": "nix-community",
        "repo": "gomod2nix",
        "rev": "514283ec89c39ad0079ff2f3b1437404e4cba608",
        "type": "github"
      },
      "original": {
        "owner": "nix-community",
        "repo": "gomod2nix",
        "type": "github"
      }
    },
    "nixpkgs": {
      "locked": {
        "lastModified": 1738187122,
        "narHash": "sha256-am1WeoA7ARYHqi9LaJ/Meql3FXl1ffNEPjzg5GOAf2s=",
        "owner": "NixOS",
        "repo": "nixpkgs",
        "rev": "acc23f5155a271fd62e9629c6082fa017d4e4ff2",
        "type": "github"
      },
      "original": {
        "owner": "NixOS",
        "repo": "nixpkgs",
        "type": "github"
      }
    },
    "nixpkgs_2": {
      "locked": {
        "lastModified": 1736701207,
        "narHash": "sha256-jG/+MvjVY7SlTakzZ2fJ5dC3V1PrKKrUEOEE30jrOKA=",
        "owner": "NixOS",
        "repo": "nixpkgs",
        "rev": "ed4a395ea001367c1f13d34b1e01aa10290f67d6",
        "type": "github"
      },
      "original": {
        "owner": "NixOS",
        "ref": "nixos-unstable",
        "repo": "nixpkgs",
        "type": "github"
      }
    },
    "p2prc": {
      "inputs": {
        "flake-utils": "flake-utils",
        "gomod2nix": "gomod2nix",
        "nixpkgs": "nixpkgs_2"
      },
      "locked": {
        "lastModified": 1738189083,
        "narHash": "sha256-ZqRIJW3H5hnt6lWOsWpHi96jp/vXwP2tppexAZbDY2w=",
        "owner": "xecarlox94",
        "repo": "p2p-rendering-computation",
        "rev": "47d69b4dde6901770a06c5ed05acf459f79fc246",
        "type": "github"
      },
      "original": {
        "owner": "xecarlox94",
        "repo": "p2p-rendering-computation",
        "type": "github"
      }
    },
    "root": {
      "inputs": {
        "nixpkgs": "nixpkgs",
        "p2prc": "p2prc"
      }
    },
    "systems": {
      "locked": {
        "lastModified": 1681028828,
        "narHash": "sha256-Vy1rq5AaRuLzOxct8nz4T6wlgyUR7zLU309k9mBC768=",
        "owner": "nix-systems",
        "repo": "default",
        "rev": "da67096a3b9bf56a91d16901293e51ba5b49a27e",
        "type": "github"
      },
      "original": {
        "owner": "nix-systems",
        "repo": "default",
        "type": "github"
      }
    }
  },
  "root": "root",
  "version": 7
}
